
Microsoft Visual Studio Solution File, Format Version 12.00
# Visual Studio 15
VisualStudioVersion = 15.0.28010.2036
MinimumVisualStudioVersion = 10.0.40219.1
Project("{FAE04EC0-301F-11D3-BF4B-00C04F79EFBC}") = "Lab08-Linq", "Lab08-Linq\Lab08-Linq.csproj", "{2CAAB57C-98B1-4AB3-A60F-BB965C9CB9C2}"
EndProject
Project("{FAE04EC0-301F-11D3-BF4B-00C04F79EFBC}") = "Lab08-LinqTests", "Lab08-LinqTests\Lab08-LinqTests.csproj", "{ED7DCE5F-BB11-4EA1-B83C-2DBD7AF9EFE5}"
EndProject
Project("{2150E333-8FDC-42A3-9474-1A3956D46DE8}") = "Solution Items", "Solution Items", "{C42428AF-EB5C-4B59-93AE-324BC14E36C6}"
	ProjectSection(SolutionItems) = preProject
		Readme.md = Readme.md
	EndProjectSection
EndProject
Global
	GlobalSection(SolutionConfigurationPlatforms) = preSolution
		Debug|Any CPU = Debug|Any CPU
		Release|Any CPU = Release|Any CPU
	EndGlobalSection
	GlobalSection(ProjectConfigurationPlatforms) = postSolution
		{2CAAB57C-98B1-4AB3-A60F-BB965C9CB9C2}.Debug|Any CPU.ActiveCfg = Debug|Any CPU
		{2CAAB57C-98B1-4AB3-A60F-BB965C9CB9C2}.Debug|Any CPU.Build.0 = Debug|Any CPU
		{2CAAB57C-98B1-4AB3-A60F-BB965C9CB9C2}.Release|Any CPU.ActiveCfg = Release|Any CPU
		{2CAAB57C-98B1-4AB3-A60F-BB965C9CB9C2}.Release|Any CPU.Build.0 = Release|Any CPU
		{ED7DCE5F-BB11-4EA1-B83C-2DBD7AF9EFE5}.Debug|Any CPU.ActiveCfg = Debug|Any CPU
		{ED7DCE5F-BB11-4EA1-B83C-2DBD7AF9EFE5}.Debug|Any CPU.Build.0 = Debug|Any CPU
		{ED7DCE5F-BB11-4EA1-B83C-2DBD7AF9EFE5}.Release|Any CPU.ActiveCfg = Release|Any CPU
		{ED7DCE5F-BB11-4EA1-B83C-2DBD7AF9EFE5}.Release|Any CPU.Build.0 = Release|Any CPU
	EndGlobalSection
	GlobalSection(SolutionProperties) = preSolution
		HideSolutionNode = FALSE
	EndGlobalSection
	GlobalSection(ExtensibilityGlobals) = postSolution
		SolutionGuid = {CE2A7583-2221-461D-A19B-2F22563AAF82}
	EndGlobalSection
EndGlobal
